
Microsoft Visual Studio Solution File, Format Version 12.00
# Visual Studio Version 17
VisualStudioVersion = 17.7.34018.315
MinimumVisualStudioVersion = 10.0.40219.1
Project("{8BC9CEB8-8B4A-11D0-8D11-00A0C91BC942}") = "chap02", "chap02\chap02.vcxproj", "{9FEAB408-BC04-4553-AF4F-DADBC13F1589}"
EndProject
Global
	GlobalSection(SolutionConfigurationPlatforms) = preSolution
		Debug|x64 = Debug|x64
		Debug|x86 = Debug|x86
		Release|x64 = Release|x64
		Release|x86 = Release|x86
	EndGlobalSection
	GlobalSection(ProjectConfigurationPlatforms) = postSolution
		{9FEAB408-BC04-4553-AF4F-DADBC13F1589}.Debug|x64.ActiveCfg = Debug|x64
		{9FEAB408-BC04-4553-AF4F-DADBC13F1589}.Debug|x64.Build.0 = Debug|x64
		{9FEAB408-BC04-4553-AF4F-DADBC13F1589}.Debug|x86.ActiveCfg = Debug|Win32
		{9FEAB408-BC04-4553-AF4F-DADBC13F1589}.Debug|x86.Build.0 = Debug|Win32
		{9FEAB408-BC04-4553-AF4F-DADBC13F1589}.Release|x64.ActiveCfg = Release|x64
		{9FEAB408-BC04-4553-AF4F-DADBC13F1589}.Release|x64.Build.0 = Release|x64
		{9FEAB408-BC04-4553-AF4F-DADBC13F1589}.Release|x86.ActiveCfg = Release|Win32
		{9FEAB408-BC04-4553-AF4F-DADBC13F1589}.Release|x86.Build.0 = Release|Win32
	EndGlobalSection
	GlobalSection(SolutionProperties) = preSolution
		HideSolutionNode = FALSE
	EndGlobalSection
	GlobalSection(ExtensibilityGlobals) = postSolution
		SolutionGuid = {3A6675F8-3C14-4ACE-BB7B-0EFD2BFB5502}
	EndGlobalSection
EndGlobal
